
Microsoft Visual Studio Solution File, Format Version 12.00
# Visual Studio Version 16
VisualStudioVersion = 16.0.30002.166
MinimumVisualStudioVersion = 10.0.40219.1
Project("{9A19103F-16F7-4668-BE54-9A1E7A4F7556}") = "Eloy_Barbosa_ASPNET_TP03", "Eloy_Barbosa_ASP.NET_TP03\Eloy_Barbosa_ASPNET_TP03.csproj", "{7D81EEDB-6955-41E3-B41B-2803D0CDC251}"
EndProject
Global
	GlobalSection(SolutionConfigurationPlatforms) = preSolution
		Debug|Any CPU = Debug|Any CPU
		Release|Any CPU = Release|Any CPU
	EndGlobalSection
	GlobalSection(ProjectConfigurationPlatforms) = postSolution
		{7D81EEDB-6955-41E3-B41B-2803D0CDC251}.Debug|Any CPU.ActiveCfg = Debug|Any CPU
		{7D81EEDB-6955-41E3-B41B-2803D0CDC251}.Debug|Any CPU.Build.0 = Debug|Any CPU
		{7D81EEDB-6955-41E3-B41B-2803D0CDC251}.Release|Any CPU.ActiveCfg = Release|Any CPU
		{7D81EEDB-6955-41E3-B41B-2803D0CDC251}.Release|Any CPU.Build.0 = Release|Any CPU
	EndGlobalSection
	GlobalSection(SolutionProperties) = preSolution
		HideSolutionNode = FALSE
	EndGlobalSection
	GlobalSection(ExtensibilityGlobals) = postSolution
		SolutionGuid = {29F7BA1A-B31C-488F-8884-9D7DA746F97C}
	EndGlobalSection
EndGlobal
